// !$*UTF8*$!
{
	archiveVersion = 1;
	classes = {
	};
	objectVersion = 50;
	objects = {

/* Begin PBXBuildFile section */
		633232B822FCE38100032C60 /* ScrollViewController.swift in Sources */ = {isa = PBXBuildFile; fileRef = 633232B722FCE38100032C60 /* ScrollViewController.swift */; };
		6335A02E22F7F838000DE5FA /* ImageInfo.swift in Sources */ = {isa = PBXBuildFile; fileRef = 6335A02D22F7F838000DE5FA /* ImageInfo.swift */; };
		6369402422FBC57700AD5C9E /* Utilities.swift in Sources */ = {isa = PBXBuildFile; fileRef = 6369402322FBC57700AD5C9E /* Utilities.swift */; };
		637B3EC322E7DB87006F4191 /* AppDelegate.swift in Sources */ = {isa = PBXBuildFile; fileRef = 637B3EC222E7DB87006F4191 /* AppDelegate.swift */; };
		637B3EC522E7DB87006F4191 /* DocumentBrowserViewController.swift in Sources */ = {isa = PBXBuildFile; fileRef = 637B3EC422E7DB87006F4191 /* DocumentBrowserViewController.swift */; };
		637B3EC722E7DB87006F4191 /* DocumentViewController.swift in Sources */ = {isa = PBXBuildFile; fileRef = 637B3EC622E7DB87006F4191 /* DocumentViewController.swift */; };
		637B3EC922E7DB87006F4191 /* Document.swift in Sources */ = {isa = PBXBuildFile; fileRef = 637B3EC822E7DB87006F4191 /* Document.swift */; };
		637B3ECC22E7DB87006F4191 /* Main.storyboard in Resources */ = {isa = PBXBuildFile; fileRef = 637B3ECA22E7DB87006F4191 /* Main.storyboard */; };
		637B3ECE22E7DB88006F4191 /* Assets.xcassets in Resources */ = {isa = PBXBuildFile; fileRef = 637B3ECD22E7DB88006F4191 /* Assets.xcassets */; };
		637B3ED122E7DB88006F4191 /* LaunchScreen.storyboard in Resources */ = {isa = PBXBuildFile; fileRef = 637B3ECF22E7DB88006F4191 /* LaunchScreen.storyboard */; };
		637B3ED922E7DEB3006F4191 /* ImageCollectionViewCell.swift in Sources */ = {isa = PBXBuildFile; fileRef = 637B3ED822E7DEB3006F4191 /* ImageCollectionViewCell.swift */; };
/* End PBXBuildFile section */

/* Begin PBXFileReference section */
		633232B722FCE38100032C60 /* ScrollViewController.swift */ = {isa = PBXFileReference; lastKnownFileType = sourcecode.swift; path = ScrollViewController.swift; sourceTree = "<group>"; };
		6335A02D22F7F838000DE5FA /* ImageInfo.swift */ = {isa = PBXFileReference; lastKnownFileType = sourcecode.swift; path = ImageInfo.swift; sourceTree = "<group>"; };
		6369402322FBC57700AD5C9E /* Utilities.swift */ = {isa = PBXFileReference; fileEncoding = 4; lastKnownFileType = sourcecode.swift; path = Utilities.swift; sourceTree = "<group>"; };
		637B3EBF22E7DB87006F4191 /* PersistantImageGallery.app */ = {isa = PBXFileReference; explicitFileType = wrapper.application; includeInIndex = 0; path = PersistantImageGallery.app; sourceTree = BUILT_PRODUCTS_DIR; };
		637B3EC222E7DB87006F4191 /* AppDelegate.swift */ = {isa = PBXFileReference; lastKnownFileType = sourcecode.swift; path = AppDelegate.swift; sourceTree = "<group>"; };
		637B3EC422E7DB87006F4191 /* DocumentBrowserViewController.swift */ = {isa = PBXFileReference; lastKnownFileType = sourcecode.swift; path = DocumentBrowserViewController.swift; sourceTree = "<group>"; };
		637B3EC622E7DB87006F4191 /* DocumentViewController.swift */ = {isa = PBXFileReference; lastKnownFileType = sourcecode.swift; path = DocumentViewController.swift; sourceTree = "<group>"; };
		637B3EC822E7DB87006F4191 /* Document.swift */ = {isa = PBXFileReference; lastKnownFileType = sourcecode.swift; path = Document.swift; sourceTree = "<group>"; };
		637B3ECB22E7DB87006F4191 /* Base */ = {isa = PBXFileReference; lastKnownFileType = file.storyboard; name = Base; path = Base.lproj/Main.storyboard; sourceTree = "<group>"; };
		637B3ECD22E7DB88006F4191 /* Assets.xcassets */ = {isa = PBXFileReference; lastKnownFileType = folder.assetcatalog; path = Assets.xcassets; sourceTree = "<group>"; };
		637B3ED022E7DB88006F4191 /* Base */ = {isa = PBXFileReference; lastKnownFileType = file.storyboard; name = Base; path = Base.lproj/LaunchScreen.storyboard; sourceTree = "<group>"; };
		637B3ED222E7DB88006F4191 /* Info.plist */ = {isa = PBXFileReference; lastKnownFileType = text.plist.xml; path = Info.plist; sourceTree = "<group>"; };
		637B3ED822E7DEB3006F4191 /* ImageCollectionViewCell.swift */ = {isa = PBXFileReference; lastKnownFileType = sourcecode.swift; path = ImageCollectionViewCell.swift; sourceTree = "<group>"; };
/* End PBXFileReference section */

/* Begin PBXFrameworksBuildPhase section */
		637B3EBC22E7DB87006F4191 /* Frameworks */ = {
			isa = PBXFrameworksBuildPhase;
			buildActionMask = 2147483647;
			files = (
			);
			runOnlyForDeploymentPostprocessing = 0;
		};
/* End PBXFrameworksBuildPhase section */

/* Begin PBXGroup section */
		637B3EB622E7DB87006F4191 = {
			isa = PBXGroup;
			children = (
				637B3EC122E7DB87006F4191 /* PersistantImageGallery */,
				637B3EC022E7DB87006F4191 /* Products */,
			);
			sourceTree = "<group>";
		};
		637B3EC022E7DB87006F4191 /* Products */ = {
			isa = PBXGroup;
			children = (
				637B3EBF22E7DB87006F4191 /* PersistantImageGallery.app */,
			);
			name = Products;
			sourceTree = "<group>";
		};
		637B3EC122E7DB87006F4191 /* PersistantImageGallery */ = {
			isa = PBXGroup;
			children = (
				6335A02D22F7F838000DE5FA /* ImageInfo.swift */,
				637B3EC222E7DB87006F4191 /* AppDelegate.swift */,
				637B3EC422E7DB87006F4191 /* DocumentBrowserViewController.swift */,
				637B3EC622E7DB87006F4191 /* DocumentViewController.swift */,
				637B3ED822E7DEB3006F4191 /* ImageCollectionViewCell.swift */,
				633232B722FCE38100032C60 /* ScrollViewController.swift */,
				6369402322FBC57700AD5C9E /* Utilities.swift */,
				637B3EC822E7DB87006F4191 /* Document.swift */,
				637B3ECA22E7DB87006F4191 /* Main.storyboard */,
				637B3ECD22E7DB88006F4191 /* Assets.xcassets */,
				637B3ECF22E7DB88006F4191 /* LaunchScreen.storyboard */,
				637B3ED222E7DB88006F4191 /* Info.plist */,
			);
			path = PersistantImageGallery;
			sourceTree = "<group>";
		};
/* End PBXGroup section */

/* Begin PBXNativeTarget section */
		637B3EBE22E7DB87006F4191 /* PersistantImageGallery */ = {
			isa = PBXNativeTarget;
			buildConfigurationList = 637B3ED522E7DB88006F4191 /* Build configuration list for PBXNativeTarget "PersistantImageGallery" */;
			buildPhases = (
				637B3EBB22E7DB87006F4191 /* Sources */,
				637B3EBC22E7DB87006F4191 /* Frameworks */,
				637B3EBD22E7DB87006F4191 /* Resources */,
			);
			buildRules = (
			);
			dependencies = (
			);
			name = PersistantImageGallery;
			productName = PersistantImageGallery;
			productReference = 637B3EBF22E7DB87006F4191 /* PersistantImageGallery.app */;
			productType = "com.apple.product-type.application";
		};
/* End PBXNativeTarget section */

/* Begin PBXProject section */
		637B3EB722E7DB87006F4191 /* Project object */ = {
			isa = PBXProject;
			attributes = {
				LastSwiftUpdateCheck = 1010;
				LastUpgradeCheck = 1010;
				ORGANIZATIONNAME = "Geoffry Gambling";
				TargetAttributes = {
					637B3EBE22E7DB87006F4191 = {
						CreatedOnToolsVersion = 10.1;
					};
				};
			};
			buildConfigurationList = 637B3EBA22E7DB87006F4191 /* Build configuration list for PBXProject "PersistantImageGallery" */;
			compatibilityVersion = "Xcode 9.3";
			developmentRegion = en;
			hasScannedForEncodings = 0;
			knownRegions = (
				en,
				Base,
			);
			mainGroup = 637B3EB622E7DB87006F4191;
			productRefGroup = 637B3EC022E7DB87006F4191 /* Products */;
			projectDirPath = "";
			projectRoot = "";
			targets = (
				637B3EBE22E7DB87006F4191 /* PersistantImageGallery */,
			);
		};
/* End PBXProject section */

/* Begin PBXResourcesBuildPhase section */
		637B3EBD22E7DB87006F4191 /* Resources */ = {
			isa = PBXResourcesBuildPhase;
			buildActionMask = 2147483647;
			files = (
				637B3ED122E7DB88006F4191 /* LaunchScreen.storyboard in Resources */,
				637B3ECE22E7DB88006F4191 /* Assets.xcassets in Resources */,
				637B3ECC22E7DB87006F4191 /* Main.storyboard in Resources */,
			);
			runOnlyForDeploymentPostprocessing = 0;
		};
/* End PBXResourcesBuildPhase section */

/* Begin PBXSourcesBuildPhase section */
		637B3EBB22E7DB87006F4191 /* Sources */ = {
			isa = PBXSourcesBuildPhase;
			buildActionMask = 2147483647;
			files = (
				637B3EC922E7DB87006F4191 /* Document.swift in Sources */,
				6335A02E22F7F838000DE5FA /* ImageInfo.swift in Sources */,
				6369402422FBC57700AD5C9E /* Utilities.swift in Sources */,
				633232B822FCE38100032C60 /* ScrollViewController.swift in Sources */,
				637B3ED922E7DEB3006F4191 /* ImageCollectionViewCell.swift in Sources */,
				637B3EC722E7DB87006F4191 /* DocumentViewController.swift in Sources */,
				637B3EC522E7DB87006F4191 /* DocumentBrowserViewController.swift in Sources */,
				637B3EC322E7DB87006F4191 /* AppDelegate.swift in Sources */,
			);
			runOnlyForDeploymentPostprocessing = 0;
		};
/* End PBXSourcesBuildPhase section */

/* Begin PBXVariantGroup section */
		637B3ECA22E7DB87006F4191 /* Main.storyboard */ = {
			isa = PBXVariantGroup;
			children = (
				637B3ECB22E7DB87006F4191 /* Base */,
			);
			name = Main.storyboard;
			sourceTree = "<group>";
		};
		637B3ECF22E7DB88006F4191 /* LaunchScreen.storyboard */ = {
			isa = PBXVariantGroup;
			children = (
				637B3ED022E7DB88006F4191 /* Base */,
			);
			name = LaunchScreen.storyboard;
			sourceTree = "<group>";
		};
/* End PBXVariantGroup section */

/* Begin XCBuildConfiguration section */
		637B3ED322E7DB88006F4191 /* Debug */ = {
			isa = XCBuildConfiguration;
			buildSettings = {
				ALWAYS_SEARCH_USER_PATHS = NO;
				CLANG_ANALYZER_NONNULL = YES;
				CLANG_ANALYZER_NUMBER_OBJECT_CONVERSION = YES_AGGRESSIVE;
				CLANG_CXX_LANGUAGE_STANDARD = "gnu++14";
				CLANG_CXX_LIBRARY = "libc++";
				CLANG_ENABLE_MODULES = YES;
				CLANG_ENABLE_OBJC_ARC = YES;
				CLANG_ENABLE_OBJC_WEAK = YES;
				CLANG_WARN_BLOCK_CAPTURE_AUTORELEASING = YES;
				CLANG_WARN_BOOL_CONVERSION = YES;
				CLANG_WARN_COMMA = YES;
				CLANG_WARN_CONSTANT_CONVERSION = YES;
				CLANG_WARN_DEPRECATED_OBJC_IMPLEMENTATIONS = YES;
				CLANG_WARN_DIRECT_OBJC_ISA_USAGE = YES_ERROR;
				CLANG_WARN_DOCUMENTATION_COMMENTS = YES;
				CLANG_WARN_EMPTY_BODY = YES;
				CLANG_WARN_ENUM_CONVERSION = YES;
				CLANG_WARN_INFINITE_RECURSION = YES;
				CLANG_WARN_INT_CONVERSION = YES;
				CLANG_WARN_NON_LITERAL_NULL_CONVERSION = YES;
				CLANG_WARN_OBJC_IMPLICIT_RETAIN_SELF = YES;
				CLANG_WARN_OBJC_LITERAL_CONVERSION = YES;
				CLANG_WARN_OBJC_ROOT_CLASS = YES_ERROR;
				CLANG_WARN_RANGE_LOOP_ANALYSIS = YES;
				CLANG_WARN_STRICT_PROTOTYPES = YES;
				CLANG_WARN_SUSPICIOUS_MOVE = YES;
				CLANG_WARN_UNGUARDED_AVAILABILITY = YES_AGGRESSIVE;
				CLANG_WARN_UNREACHABLE_CODE = YES;
				CLANG_WARN__DUPLICATE_METHOD_MATCH = YES;
				CODE_SIGN_IDENTITY = "iPhone Developer";
				COPY_PHASE_STRIP = NO;
				DEBUG_INFORMATION_FORMAT = dwarf;
				ENABLE_STRICT_OBJC_MSGSEND = YES;
				ENABLE_TESTABILITY = YES;
				GCC_C_LANGUAGE_STANDARD = gnu11;
				GCC_DYNAMIC_NO_PIC = NO;
				GCC_NO_COMMON_BLOCKS = YES;
				GCC_OPTIMIZATION_LEVEL = 0;
				GCC_PREPROCESSOR_DEFINITIONS = (
					"DEBUG=1",
					"$(inherited)",
				);
				GCC_WARN_64_TO_32_BIT_CONVERSION = YES;
				GCC_WARN_ABOUT_RETURN_TYPE = YES_ERROR;
				GCC_WARN_UNDECLARED_SELECTOR = YES;
				GCC_WARN_UNINITIALIZED_AUTOS = YES_AGGRESSIVE;
				GCC_WARN_UNUSED_FUNCTION = YES;
				GCC_WARN_UNUSED_VARIABLE = YES;
				IPHONEOS_DEPLOYMENT_TARGET = 12.1;
				MTL_ENABLE_DEBUG_INFO = INCLUDE_SOURCE;
				MTL_FAST_MATH = YES;
				ONLY_ACTIVE_ARCH = YES;
				SDKROOT = iphoneos;
				SWIFT_ACTIVE_COMPILATION_CONDITIONS = DEBUG;
				SWIFT_OPTIMIZATION_LEVEL = "-Onone";
			};
			name = Debug;
		};
		637B3ED422E7DB88006F4191 /* Release */ = {
			isa = XCBuildConfiguration;
			buildSettings = {
				ALWAYS_SEARCH_USER_PATHS = NO;
				CLANG_ANALYZER_NONNULL = YES;
				CLANG_ANALYZER_NUMBER_OBJECT_CONVERSION = YES_AGGRESSIVE;
				CLANG_CXX_LANGUAGE_STANDARD = "gnu++14";
				CLANG_CXX_LIBRARY = "libc++";
				CLANG_ENABLE_MODULES = YES;
				CLANG_ENABLE_OBJC_ARC = YES;
				CLANG_ENABLE_OBJC_WEAK = YES;
				CLANG_WARN_BLOCK_CAPTURE_AUTORELEASING = YES;
				CLANG_WARN_BOOL_CONVERSION = YES;
				CLANG_WARN_COMMA = YES;
				CLANG_WARN_CONSTANT_CONVERSION = YES;
				CLANG_WARN_DEPRECATED_OBJC_IMPLEMENTATIONS = YES;
				CLANG_WARN_DIRECT_OBJC_ISA_USAGE = YES_ERROR;
				CLANG_WARN_DOCUMENTATION_COMMENTS = YES;
				CLANG_WARN_EMPTY_BODY = YES;
				CLANG_WARN_ENUM_CONVERSION = YES;
				CLANG_WARN_INFINITE_RECURSION = YES;
				CLANG_WARN_INT_CONVERSION = YES;
				CLANG_WARN_NON_LITERAL_NULL_CONVERSION = YES;
				CLANG_WARN_OBJC_IMPLICIT_RETAIN_SELF = YES;
				CLANG_WARN_OBJC_LITERAL_CONVERSION = YES;
				CLANG_WARN_OBJC_ROOT_CLASS = YES_ERROR;
				CLANG_WARN_RANGE_LOOP_ANALYSIS = YES;
				CLANG_WARN_STRICT_PROTOTYPES = YES;
				CLANG_WARN_SUSPICIOUS_MOVE = YES;
				CLANG_WARN_UNGUARDED_AVAILABILITY = YES_AGGRESSIVE;
				CLANG_WARN_UNREACHABLE_CODE = YES;
				CLANG_WARN__DUPLICATE_METHOD_MATCH = YES;
				CODE_SIGN_IDENTITY = "iPhone Developer";
				COPY_PHASE_STRIP = NO;
				DEBUG_INFORMATION_FORMAT = "dwarf-with-dsym";
				ENABLE_NS_ASSERTIONS = NO;
				ENABLE_STRICT_OBJC_MSGSEND = YES;
				GCC_C_LANGUAGE_STANDARD = gnu11;
				GCC_NO_COMMON_BLOCKS = YES;
				GCC_WARN_64_TO_32_BIT_CONVERSION = YES;
				GCC_WARN_ABOUT_RETURN_TYPE = YES_ERROR;
				GCC_WARN_UNDECLARED_SELECTOR = YES;
				GCC_WARN_UNINITIALIZED_AUTOS = YES_AGGRESSIVE;
				GCC_WARN_UNUSED_FUNCTION = YES;
				GCC_WARN_UNUSED_VARIABLE = YES;
				IPHONEOS_DEPLOYMENT_TARGET = 12.1;
				MTL_ENABLE_DEBUG_INFO = NO;
				MTL_FAST_MATH = YES;
				SDKROOT = iphoneos;
				SWIFT_COMPILATION_MODE = wholemodule;
				SWIFT_OPTIMIZATION_LEVEL = "-O";
				VALIDATE_PRODUCT = YES;
			};
			name = Release;
		};
		637B3ED622E7DB88006F4191 /* Debug */ = {
			isa = XCBuildConfiguration;
			buildSettings = {
				ASSETCATALOG_COMPILER_APPICON_NAME = AppIcon;
				CODE_SIGN_STYLE = Automatic;
				DEVELOPMENT_TEAM = 6WD8PAVMGJ;
				INFOPLIST_FILE = PersistantImageGallery/Info.plist;
				LD_RUNPATH_SEARCH_PATHS = (
					"$(inherited)",
					"@executable_path/Frameworks",
				);
				PRODUCT_BUNDLE_IDENTIFIER = grofulet.PersistantImageGallery;
				PRODUCT_NAME = "$(TARGET_NAME)";
				SWIFT_VERSION = 4.2;
				TARGETED_DEVICE_FAMILY = "1,2";
			};
			name = Debug;
		};
		637B3ED722E7DB88006F4191 /* Release */ = {
			isa = XCBuildConfiguration;
			buildSettings = {
				ASSETCATALOG_COMPILER_APPICON_NAME = AppIcon;
				CODE_SIGN_STYLE = Automatic;
				DEVELOPMENT_TEAM = 6WD8PAVMGJ;
				INFOPLIST_FILE = PersistantImageGallery/Info.plist;
				LD_RUNPATH_SEARCH_PATHS = (
					"$(inherited)",
					"@executable_path/Frameworks",
				);
				PRODUCT_BUNDLE_IDENTIFIER = grofulet.PersistantImageGallery;
				PRODUCT_NAME = "$(TARGET_NAME)";
				SWIFT_VERSION = 4.2;
				TARGETED_DEVICE_FAMILY = "1,2";
			};
			name = Release;
		};
/* End XCBuildConfiguration section */

/* Begin XCConfigurationList section */
		637B3EBA22E7DB87006F4191 /* Build configuration list for PBXProject "PersistantImageGallery" */ = {
			isa = XCConfigurationList;
			buildConfigurations = (
				637B3ED322E7DB88006F4191 /* Debug */,
				637B3ED422E7DB88006F4191 /* Release */,
			);
			defaultConfigurationIsVisible = 0;
			defaultConfigurationName = Release;
		};
		637B3ED522E7DB88006F4191 /* Build configuration list for PBXNativeTarget "PersistantImageGallery" */ = {
			isa = XCConfigurationList;
			buildConfigurations = (
				637B3ED622E7DB88006F4191 /* Debug */,
				637B3ED722E7DB88006F4191 /* Release */,
			);
			defaultConfigurationIsVisible = 0;
			defaultConfigurationName = Release;
		};
/* End XCConfigurationList section */
	};
	rootObject = 637B3EB722E7DB87006F4191 /* Project object */;
}
